
Microsoft Visual Studio Solution File, Format Version 12.00
# Visual Studio Version 16
VisualStudioVersion = 16.0.29920.165
MinimumVisualStudioVersion = 10.0.40219.1
Project("{9A19103F-16F7-4668-BE54-9A1E7A4F7556}") = "Hot-Chocolate-FullStack-Demo", "Hot-Chocolate-FullStack-Demo.csproj", "{0116085C-006E-413F-9925-24A3480BE213}"
EndProject
Global
	GlobalSection(SolutionConfigurationPlatforms) = preSolution
		Debug|Any CPU = Debug|Any CPU
		Release|Any CPU = Release|Any CPU
	EndGlobalSection
	GlobalSection(ProjectConfigurationPlatforms) = postSolution
		{0116085C-006E-413F-9925-24A3480BE213}.Debug|Any CPU.ActiveCfg = Debug|Any CPU
		{0116085C-006E-413F-9925-24A3480BE213}.Debug|Any CPU.Build.0 = Debug|Any CPU
		{0116085C-006E-413F-9925-24A3480BE213}.Release|Any CPU.ActiveCfg = Release|Any CPU
		{0116085C-006E-413F-9925-24A3480BE213}.Release|Any CPU.Build.0 = Release|Any CPU
	EndGlobalSection
	GlobalSection(SolutionProperties) = preSolution
		HideSolutionNode = FALSE
	EndGlobalSection
	GlobalSection(ExtensibilityGlobals) = postSolution
		SolutionGuid = {FE391D71-85FC-4E72-95A4-248AB7E9FEB5}
	EndGlobalSection
EndGlobal
